github.com/apache/thrift v0.13.0 h1:5hryIiq9gtn+MiLVn0wP37kb/uTeRZgN08WoCsAhIhI=
github.com/bsm/ginkgo/v2 v2.12.0 h1:Ny8MWAHyOepLGlLKYmXG4IEkioBysk6GpaRTLC8zwWs=
github.com/bsm/gomega v1.27.10 h1:yeMWxP2pV2fG3FgAODIY8EiRE3dy0aeFYt4l7wh6yKA=
github.com/bytedance/gopkg v0.1.1 h1:3azzgSkiaw79u24a+w9arfH8OfnQQ4MHUt9lJFREEaE=
github.com/bytedance/sonic v1.12.2 h1:oaMFuRTpMHYLpCntGca65YWt5ny+wAceDERTkT2L9lg=
github.com/bytedance/sonic/loader v0.2.0 h1:zNprn+lsIP06C/IqCHs3gPQIvnvpKbbxyXQP1iU4kWM=
github.com/cespare/xxhash/v2 v2.2.0 h1:DC2CZ1Ep5Y4k3ZQ899DldepgrayRUGE6BBZ/cd9Cj44=
github.com/cloudwego/base64x v0.1.4 h1:jwCgWpFanWmN8xoIUHa2rtzmkd5J2plF/dnLS6Xd/0Y=
github.com/cloudwego/configmanager v0.2.2 h1:sVrJB8gWYTlPV2OS3wcgJSO9F2/9Zbkmcm1Z7jempOU=
github.com/cloudwego/dynamicgo v0.4.0 h1:wQqNRNiSQaLkbcn3sfpEJGZsz3xf8Il4P/3DcENsrFI=
github.com/cloudwego/fastpb v0.0.5 h1:vYnBPsfbAtU5TVz5+f9UTlmSCixG9F9vRwaqE0mZPZU=
github.com/cloudwego/frugal v0.2.0 h1:0ETSzQYoYqVvdl7EKjqJ9aJnDoG6TzvNKV3PMQiQTS8=
github.com/cloudwego/gopkg v0.1.2 h1:650t+RiZGht8qX+y0hl49JXJCuO44GhbGZuxDzr2PyI=
github.com/cloudwego/iasm v0.2.0 h1:1KNIy1I1H9hNNFEEH3DVnI4UujN+1zjpuk6gwHLTssg=
github.com/cloudwego/kitex v0.11.3 h1:Qy1GtyuNbygMpwnMw+Aj1iS7fSd0IO7CzxtpZrRJ+Jc=
github.com/cloudwego/localsession v0.0.2 h1:N9/IDtCPj1fCL9bCTP+DbXx3f40YjVYWcwkJG0YhQkY=
github.com/cloudwego/netpoll v0.6.4 h1:z/dA4sOTUQof6zZIO4QNnLBXsDFFFEos9OOGloR6kno=
github.com/cloudwego/runtimex v0.1.0 h1:HG+WxWoj5/CDChDZ7D99ROwvSMkuNXAqt6hnhTTZDiI=
github.com/cloudwego/thriftgo v0.3.17 h1:k0iQe2jEAN1WhPsXWvatwHzoxObUSX2Nw5NqdnywS8k=
github.com/davecgh/go-spew v1.1.2-0.20180830191138-d8f796af33cc h1:U9qPSI2PIWSS1VwoXQT9A3Wy9MM3WgvqSxFWenqJduM=
github.com/dgryski/go-rendezvous v0.0.0-20200823014737-9f7001d12a5f h1:lO4WD4F/rVNCu3HqELle0jiPLLBs70cWOduZpkS1E78=
github.com/fatih/structtag v1.2.0 h1:/OdNE99OxoI/PqaW/SuSK9uxxT3f/tcSZgon/ssNSx4=
github.com/go-logr/logr v1.3.0 h1:2y3SDp0ZXuc6/cjLSZ+Q3ir+QB9T/iG5yYRXqsagWSY=
github.com/go-logr/stdr v1.2.2 h1:hSWxHoqTgW2S2qGc0LTAI563KZ5YKYRhT3MFKZMbjag=
github.com/go-sql-driver/mysql v1.7.0 h1:ueSltNNllEqE3qcWBTD0iQd3IpL/6U+mJxLkazJ7YPc=
github.com/golang/mock v1.6.0 h1:ErTB+efbowRARo13NNdxyJji2egdxLGQhRaY+DUumQc=
github.com/golang/protobuf v1.5.4 h1:i7eJL8qZTpSEXOPTxNKhASYpMn+8e5Q6AdndVa1dWek=
github.com/golang/protobuf v1.5.4/go.mod h1:lnTiLA8Wa4RWRcIUkrtSVa5nRhsEGBg48fD6rSs7xps=
github.com/google/go-cmp v0.6.0 h1:ofyhxvXcZhMsU5ulbFiLKl/XBFqE1GSq7atu8tAmTRI=
github.com/google/pprof v0.0.0-20240727154555-813a5fbdbec8 h1:FKHo8hFI3A+7w0aUQuYXQ+6EN5stWmeY/AZqtM8xk9k=
github.com/iancoleman/strcase v0.2.0 h1:05I4QRnGpI0m37iZQRuskXh+w77mr6Z41lwQzuHLwW0=
github.com/jhump/protoreflect v1.8.2 h1:k2xE7wcUomeqwY0LDCYA16y4WWfyTcMx5mKhk0d4ua0=
github.com/jinzhu/inflection v1.0.0 h1:K317FqzuhWc8YvSVlFMCCUb36O/S9MCKRDI7QkRKD/E=
github.com/jinzhu/now v1.1.5 h1:/o9tlHleP7gOFmsnYNz3RGnqzefHA47wQpKrrdTIwXQ=
github.com/json-iterator/go v1.1.12 h1:PV8peI4a0ysnczrg+LtxykD8LfKY9ML6u2jnxaEnrnM=
github.com/kitex-contrib/obs-opentelemetry/logging/logrus v0.0.0-20241010093641-c58c6426d043 h1:BbbHFITAydBA+7X5IBk+N48fvTj8oTzgORc6rr4vKPc=
github.com/klauspost/cpuid/v2 v2.2.4 h1:acbojRNwl3o09bUq+yDCtZFc1aiwaAAxtcn8YkZXnvk=
github.com/kr/pretty v0.3.1 h1:flRD4NNwYAUpkphVc1HcthR4KEIFJ65n8Mw5qdRn3LE=
github.com/kr/text v0.2.0 h1:5Nx0Ya0ZqY2ygV366QzturHI13Jq95ApcVaJBhpS+AY=
github.com/modern-go/concurrent v0.0.0-20180306012644-bacd9c7ef1dd h1:TRLaZ9cD/w8PVh93nsPXa1VrQ6jlwL5oN8l14QlcNfg=
github.com/modern-go/gls v0.0.0-20220109145502-612d0167dce5 h1:uiS4zKYKJVj5F3ID+5iylfKPsEQmBEOucSD9Vgmn0i0=
github.com/modern-go/reflect2 v1.0.2 h1:xBagoLtFs94CBntxluKeaWgTMpvLxC4ur3nMaC9Gz0M=
github.com/pmezard/go-difflib v1.0.0 h1:4DBwDE0NGyQoBHbLQYPwSUPoCMWR5BEzIk/f1lZbAQM=
github.com/redis/go-redis/v9 v9.7.0 h1:HhLSs+B6O021gwzl+locl0zEDnyNkxMtf/Z3NNBMa9E=
github.com/rogpeppe/go-internal v1.9.0 h1:73kH8U+JUqXU8lRuOHeVHaa/SZPifC7BkcraZVejAe8=
github.com/sirupsen/logrus v1.9.2 h1:oxx1eChJGI6Uks2ZC4W1zpLlVgqB8ner4EuQwV4Ik1Y=
github.com/stretchr/testify v1.9.0 h1:HtqpIVDClZ4nwg75+f6Lvsy/wHu+3BoSGCbBAcpTsTg=
github.com/tidwall/gjson v1.17.3 h1:bwWLZU7icoKRG+C+0PNwIKC6FCJO/Q3p2pZvuP0jN94=
github.com/tidwall/match v1.1.1 h1:+Ho715JplO36QYgwN9PGYNhgZvoUSc9X2c80KVTi+GA=
github.com/tidwall/pretty v1.2.0 h1:RWIZEg2iJ8/g6fDDYzMpobmaoGh5OLl4AXtGUGPcqCs=
github.com/twitchyliquid64/golang-asm v0.15.1 h1:SU5vSMR7hnwNxj24w34ZyCi/FmDZTkS4MhqMhdFk5YI=
go.opentelemetry.io/otel v1.20.0 h1:vsb/ggIY+hUjD/zCAQHpzTmndPqv/ml2ArbsbfBYTAc=
go.opentelemetry.io/otel/exporters/stdout/stdouttrace v1.16.0 h1:+XWJd3jf75RXJq29mxbuXhCXFDG3S3R4vBUeSI2P7tE=
go.opentelemetry.io/otel/metric v1.20.0 h1:ZlrO8Hu9+GAhnepmRGhSU7/VkpjrNowxRN9GyKR4wzA=
go.opentelemetry.io/otel/sdk v1.20.0 h1:5Jf6imeFZlZtKv9Qbo6qt2ZkmWtdWx/wzcCbNUlAWGM=
go.opentelemetry.io/otel/trace v1.20.0 h1:+yxVAPZPbQhbC3OfAkeIVTky6iTFpcr4SiY9om7mXSQ=
go.uber.org/goleak v1.3.0 h1:2K3zAYmnTNqV73imy9J1T3WC+gmCePx2hEGkimedGto=
go.uber.org/multierr v1.11.0 h1:blXXJkSxSSfBVBlC76pxqeO+LN3aDfLQo+309xJstO0=
go.uber.org/zap v1.27.0 h1:aJMhYGrd5QSmlpLMr2MftRKl7t8J8PTZPA732ud/XR8=
golang.org/x/arch v0.2.0 h1:W1sUEHXiJTfjaFJ5SLo0N6lZn+0eO5gWD1MFeTGqQEY=
golang.org/x/net v0.24.0 h1:1PcaxkF854Fu3+lvBIx5SYn9wRlBzzcnHZSiaFFAb0w=
golang.org/x/sync v0.8.0 h1:3NFvSEYkUoMifnESzZl15y791HH1qU2xm6eCJU5ZPXQ=
golang.org/x/sys v0.24.0 h1:Twjiwq9dn6R1fQcyiK+wQyHWfaz/BJB+YIpzU/Cv3Xg=
golang.org/x/text v0.14.0 h1:ScX5w1eTa3QqT8oi6+ziP7dTV1S2+ALU0bI+0zXKWiQ=
google.golang.org/genproto v0.0.0-20231012201019-e917dd12ba7a h1:fwgW9j3vHirt4ObdHoYNwuO24BEZjSzbh+zPaNWoiY8=
google.golang.org/genproto/googleapis/rpc v0.0.0-20231016165738-49dd2c1f3d0b h1:ZlWIi1wSK56/8hn4QcBp/j9M7Gt3U/3hZw3mC7vDICo=
google.golang.org/grpc v1.59.0 h1:Z5Iec2pjwb+LEOqzpB2MR12/eKFhDPhuqW91O+4bwUk=
google.golang.org/protobuf v1.35.1 h1:m3LfL6/Ca+fqnjnlqQXNpFPABW1UD7mjh8KO2mKFytA=
gopkg.in/check.v1 v1.0.0-20201130134442-10cb98267c6c h1:Hei/4ADfdWqJk1ZMxUNpqntNwaWcugrBjAiHlqqRiVk=
gopkg.in/natefinch/lumberjack.v2 v2.2.1 h1:bBRl1b0OH9s/DuPhuXpNl+VtCaJXFZ5/uEFST95x9zc=
gopkg.in/validator.v2 v2.0.1 h1:xF0KWyGWXm/LM2G1TrEjqOu4pa6coO9AlWSf3msVfDY=
gopkg.in/yaml.v2 v2.4.0 h1:D8xgwECY7CYvx+Y2n4sBz93Jn9JRvxdiyyo8CTfuKaY=
gopkg.in/yaml.v3 v3.0.1 h1:fxVm/GzAzEWqLHuvctI91KS9hhNmmWOoWu0XTYJS7CA=
gorm.io/driver/mysql v1.5.7 h1:MndhOPYOfEp2rHKgkZIhJ16eVUIRf2HmzgoPmh7FCWo=
gorm.io/gorm v1.25.12 h1:I0u8i2hWQItBq1WfE0o2+WuL9+8L21K9e2HHSTE/0f8=
